// !$*UTF8*$!
{
	archiveVersion = 1;
	classes = {
	};
	objectVersion = 55;
	objects = {

/* Begin PBXBuildFile section */
		6CE96FE628571F4A00AD8C63 /* SF-Pro-Display-Bold.otf in Resources */ = {isa = PBXBuildFile; fileRef = 6CE96FE228571F4900AD8C63 /* SF-Pro-Display-Bold.otf */; };
		6CE96FE728571F4A00AD8C63 /* SF-Pro-Display-Regular.otf in Resources */ = {isa = PBXBuildFile; fileRef = 6CE96FE328571F4900AD8C63 /* SF-Pro-Display-Regular.otf */; };
		6CE96FE828571F4A00AD8C63 /* SF-Pro-Text-Regular.otf in Resources */ = {isa = PBXBuildFile; fileRef = 6CE96FE428571F4900AD8C63 /* SF-Pro-Text-Regular.otf */; };
		6CE96FE928571F4A00AD8C63 /* SF-Pro-Display-Semibold.otf in Resources */ = {isa = PBXBuildFile; fileRef = 6CE96FE528571F4A00AD8C63 /* SF-Pro-Display-Semibold.otf */; };
		6CE96FEB285721EA00AD8C63 /* BMKIRANGHAERANG-OTF.otf in Resources */ = {isa = PBXBuildFile; fileRef = 6CE96FEA285721EA00AD8C63 /* BMKIRANGHAERANG-OTF.otf */; };
		6CE96FED2857234000AD8C63 /* UIFont+extension.swift in Sources */ = {isa = PBXBuildFile; fileRef = 6CE96FEC2857234000AD8C63 /* UIFont+extension.swift */; };
		6CE96FF42857282300AD8C63 /* UIColor+extension.swift in Sources */ = {isa = PBXBuildFile; fileRef = 6CE96FF32857282300AD8C63 /* UIColor+extension.swift */; };
		6CE96FF92857362A00AD8C63 /* IdView.swift in Sources */ = {isa = PBXBuildFile; fileRef = 6CE96FF82857362A00AD8C63 /* IdView.swift */; };
		6CE96FFB28574CB700AD8C63 /* UIButton+extension.swift in Sources */ = {isa = PBXBuildFile; fileRef = 6CE96FFA28574CB700AD8C63 /* UIButton+extension.swift */; };
		6FA4A7BE2856D3A500846435 /* AppDelegate.swift in Sources */ = {isa = PBXBuildFile; fileRef = 6FA4A7BD2856D3A500846435 /* AppDelegate.swift */; };
		6FA4A7C02856D3A500846435 /* SceneDelegate.swift in Sources */ = {isa = PBXBuildFile; fileRef = 6FA4A7BF2856D3A500846435 /* SceneDelegate.swift */; };
		6FA4A7C22856D3A500846435 /* LoginViewController.swift in Sources */ = {isa = PBXBuildFile; fileRef = 6FA4A7C12856D3A500846435 /* LoginViewController.swift */; };
		6FA4A7C72856D3A900846435 /* Assets.xcassets in Resources */ = {isa = PBXBuildFile; fileRef = 6FA4A7C62856D3A900846435 /* Assets.xcassets */; };
		6FA4A7CA2856D3A900846435 /* LaunchScreen.storyboard in Resources */ = {isa = PBXBuildFile; fileRef = 6FA4A7C82856D3A900846435 /* LaunchScreen.storyboard */; };
		6FA4A7D32856E04500846435 /* RxCocoa in Frameworks */ = {isa = PBXBuildFile; productRef = 6FA4A7D22856E04500846435 /* RxCocoa */; };
		6FA4A7D52856E04500846435 /* RxRelay in Frameworks */ = {isa = PBXBuildFile; productRef = 6FA4A7D42856E04500846435 /* RxRelay */; };
		6FA4A7D72856E04500846435 /* RxSwift in Frameworks */ = {isa = PBXBuildFile; productRef = 6FA4A7D62856E04500846435 /* RxSwift */; };
		6FA4A7DA2856E07500846435 /* Alamofire in Frameworks */ = {isa = PBXBuildFile; productRef = 6FA4A7D92856E07500846435 /* Alamofire */; };
		6FA4A7DD2856E0CC00846435 /* SnapKit in Frameworks */ = {isa = PBXBuildFile; productRef = 6FA4A7DC2856E0CC00846435 /* SnapKit */; };
		6FA4A7E02856E1ED00846435 /* .swiftlint.yml in Resources */ = {isa = PBXBuildFile; fileRef = 6FA4A7DF2856E1ED00846435 /* .swiftlint.yml */; };
/* End PBXBuildFile section */

/* Begin PBXFileReference section */
		6CE96FE228571F4900AD8C63 /* SF-Pro-Display-Bold.otf */ = {isa = PBXFileReference; lastKnownFileType = file; path = "SF-Pro-Display-Bold.otf"; sourceTree = "<group>"; };
		6CE96FE328571F4900AD8C63 /* SF-Pro-Display-Regular.otf */ = {isa = PBXFileReference; lastKnownFileType = file; path = "SF-Pro-Display-Regular.otf"; sourceTree = "<group>"; };
		6CE96FE428571F4900AD8C63 /* SF-Pro-Text-Regular.otf */ = {isa = PBXFileReference; lastKnownFileType = file; path = "SF-Pro-Text-Regular.otf"; sourceTree = "<group>"; };
		6CE96FE528571F4A00AD8C63 /* SF-Pro-Display-Semibold.otf */ = {isa = PBXFileReference; lastKnownFileType = file; path = "SF-Pro-Display-Semibold.otf"; sourceTree = "<group>"; };
		6CE96FEA285721EA00AD8C63 /* BMKIRANGHAERANG-OTF.otf */ = {isa = PBXFileReference; lastKnownFileType = file; path = "BMKIRANGHAERANG-OTF.otf"; sourceTree = "<group>"; };
		6CE96FEC2857234000AD8C63 /* UIFont+extension.swift */ = {isa = PBXFileReference; lastKnownFileType = sourcecode.swift; path = "UIFont+extension.swift"; sourceTree = "<group>"; };
		6CE96FF32857282300AD8C63 /* UIColor+extension.swift */ = {isa = PBXFileReference; lastKnownFileType = sourcecode.swift; path = "UIColor+extension.swift"; sourceTree = "<group>"; };
		6CE96FF82857362A00AD8C63 /* IdView.swift */ = {isa = PBXFileReference; lastKnownFileType = sourcecode.swift; path = IdView.swift; sourceTree = "<group>"; };
		6CE96FFA28574CB700AD8C63 /* UIButton+extension.swift */ = {isa = PBXFileReference; lastKnownFileType = sourcecode.swift; path = "UIButton+extension.swift"; sourceTree = "<group>"; };
		6FA4A7BA2856D3A500846435 /* GitTuul.app */ = {isa = PBXFileReference; explicitFileType = wrapper.application; includeInIndex = 0; path = GitTuul.app; sourceTree = BUILT_PRODUCTS_DIR; };
		6FA4A7BD2856D3A500846435 /* AppDelegate.swift */ = {isa = PBXFileReference; lastKnownFileType = sourcecode.swift; path = AppDelegate.swift; sourceTree = "<group>"; };
		6FA4A7BF2856D3A500846435 /* SceneDelegate.swift */ = {isa = PBXFileReference; lastKnownFileType = sourcecode.swift; path = SceneDelegate.swift; sourceTree = "<group>"; };
		6FA4A7C12856D3A500846435 /* LoginViewController.swift */ = {isa = PBXFileReference; lastKnownFileType = sourcecode.swift; path = LoginViewController.swift; sourceTree = "<group>"; };
		6FA4A7C62856D3A900846435 /* Assets.xcassets */ = {isa = PBXFileReference; lastKnownFileType = folder.assetcatalog; path = Assets.xcassets; sourceTree = "<group>"; };
		6FA4A7C92856D3A900846435 /* Base */ = {isa = PBXFileReference; lastKnownFileType = file.storyboard; name = Base; path = Base.lproj/LaunchScreen.storyboard; sourceTree = "<group>"; };
		6FA4A7CB2856D3A900846435 /* Info.plist */ = {isa = PBXFileReference; lastKnownFileType = text.plist.xml; path = Info.plist; sourceTree = "<group>"; };
		6FA4A7DF2856E1ED00846435 /* .swiftlint.yml */ = {isa = PBXFileReference; lastKnownFileType = text.yaml; path = .swiftlint.yml; sourceTree = "<group>"; };
/* End PBXFileReference section */

/* Begin PBXFrameworksBuildPhase section */
		6FA4A7B72856D3A500846435 /* Frameworks */ = {
			isa = PBXFrameworksBuildPhase;
			buildActionMask = 2147483647;
			files = (
				6FA4A7D72856E04500846435 /* RxSwift in Frameworks */,
				6FA4A7DA2856E07500846435 /* Alamofire in Frameworks */,
				6FA4A7D52856E04500846435 /* RxRelay in Frameworks */,
				6FA4A7D32856E04500846435 /* RxCocoa in Frameworks */,
				6FA4A7DD2856E0CC00846435 /* SnapKit in Frameworks */,
			);
			runOnlyForDeploymentPostprocessing = 0;
		};
/* End PBXFrameworksBuildPhase section */

/* Begin PBXGroup section */
		6CE96FEE2857264B00AD8C63 /* Resource */ = {
			isa = PBXGroup;
			children = (
				6CE96FE228571F4900AD8C63 /* SF-Pro-Display-Bold.otf */,
				6CE96FE328571F4900AD8C63 /* SF-Pro-Display-Regular.otf */,
				6CE96FE528571F4A00AD8C63 /* SF-Pro-Display-Semibold.otf */,
				6CE96FE428571F4900AD8C63 /* SF-Pro-Text-Regular.otf */,
				6CE96FEA285721EA00AD8C63 /* BMKIRANGHAERANG-OTF.otf */,
				6FA4A7C62856D3A900846435 /* Assets.xcassets */,
			);
			path = Resource;
			sourceTree = "<group>";
		};
		6CE96FEF2857266E00AD8C63 /* LifeCycle */ = {
			isa = PBXGroup;
			children = (
				6FA4A7BD2856D3A500846435 /* AppDelegate.swift */,
				6FA4A7BF2856D3A500846435 /* SceneDelegate.swift */,
			);
			path = LifeCycle;
			sourceTree = "<group>";
		};
		6CE96FF0285726A700AD8C63 /* Source */ = {
			isa = PBXGroup;
			children = (
				6CE96FEF2857266E00AD8C63 /* LifeCycle */,
				6CE96FF1285726BC00AD8C63 /* Present */,
				6CE96FF2285726CA00AD8C63 /* Extension */,
			);
			path = Source;
			sourceTree = "<group>";
		};
		6CE96FF1285726BC00AD8C63 /* Present */ = {
			isa = PBXGroup;
			children = (
				6FA4A7C12856D3A500846435 /* LoginViewController.swift */,
				6CE96FF82857362A00AD8C63 /* IdView.swift */,
			);
			path = Present;
			sourceTree = "<group>";
		};
		6CE96FF2285726CA00AD8C63 /* Extension */ = {
			isa = PBXGroup;
			children = (
				6CE96FEC2857234000AD8C63 /* UIFont+extension.swift */,
				6CE96FF32857282300AD8C63 /* UIColor+extension.swift */,
				6CE96FFA28574CB700AD8C63 /* UIButton+extension.swift */,
			);
			path = Extension;
			sourceTree = "<group>";
		};
		6FA4A7B12856D3A500846435 = {
			isa = PBXGroup;
			children = (
				6FA4A7BC2856D3A500846435 /* GitTuul */,
				6FA4A7BB2856D3A500846435 /* Products */,
			);
			sourceTree = "<group>";
		};
		6FA4A7BB2856D3A500846435 /* Products */ = {
			isa = PBXGroup;
			children = (
				6FA4A7BA2856D3A500846435 /* GitTuul.app */,
			);
			name = Products;
			sourceTree = "<group>";
		};
		6FA4A7BC2856D3A500846435 /* GitTuul */ = {
			isa = PBXGroup;
			children = (
				6CE96FEE2857264B00AD8C63 /* Resource */,
				6CE96FF0285726A700AD8C63 /* Source */,
				6FA4A7C82856D3A900846435 /* LaunchScreen.storyboard */,
				6FA4A7CB2856D3A900846435 /* Info.plist */,
				6FA4A7DF2856E1ED00846435 /* .swiftlint.yml */,
			);
			path = GitTuul;
			sourceTree = "<group>";
		};
/* End PBXGroup section */

/* Begin PBXNativeTarget section */
		6FA4A7B92856D3A500846435 /* GitTuul */ = {
			isa = PBXNativeTarget;
			buildConfigurationList = 6FA4A7CE2856D3A900846435 /* Build configuration list for PBXNativeTarget "GitTuul" */;
			buildPhases = (
				6FA4A7B62856D3A500846435 /* Sources */,
				6FA4A7B72856D3A500846435 /* Frameworks */,
				6FA4A7B82856D3A500846435 /* Resources */,
				6FA4A7DE2856E13F00846435 /* ShellScript */,
			);
			buildRules = (
			);
			dependencies = (
			);
			name = GitTuul;
			packageProductDependencies = (
				6FA4A7D22856E04500846435 /* RxCocoa */,
				6FA4A7D42856E04500846435 /* RxRelay */,
				6FA4A7D62856E04500846435 /* RxSwift */,
				6FA4A7D92856E07500846435 /* Alamofire */,
				6FA4A7DC2856E0CC00846435 /* SnapKit */,
			);
			productName = GitTuul;
			productReference = 6FA4A7BA2856D3A500846435 /* GitTuul.app */;
			productType = "com.apple.product-type.application";
		};
/* End PBXNativeTarget section */

/* Begin PBXProject section */
		6FA4A7B22856D3A500846435 /* Project object */ = {
			isa = PBXProject;
			attributes = {
				BuildIndependentTargetsInParallel = 1;
				LastSwiftUpdateCheck = 1340;
				LastUpgradeCheck = 1340;
				TargetAttributes = {
					6FA4A7B92856D3A500846435 = {
						CreatedOnToolsVersion = 13.4.1;
					};
				};
			};
			buildConfigurationList = 6FA4A7B52856D3A500846435 /* Build configuration list for PBXProject "GitTuul" */;
			compatibilityVersion = "Xcode 13.0";
			developmentRegion = en;
			hasScannedForEncodings = 0;
			knownRegions = (
				en,
				Base,
			);
			mainGroup = 6FA4A7B12856D3A500846435;
			packageReferences = (
				6FA4A7D12856E04500846435 /* XCRemoteSwiftPackageReference "RxSwift" */,
				6FA4A7D82856E07500846435 /* XCRemoteSwiftPackageReference "Alamofire" */,
				6FA4A7DB2856E0CC00846435 /* XCRemoteSwiftPackageReference "SnapKit" */,
			);
			productRefGroup = 6FA4A7BB2856D3A500846435 /* Products */;
			projectDirPath = "";
			projectRoot = "";
			targets = (
				6FA4A7B92856D3A500846435 /* GitTuul */,
			);
		};
/* End PBXProject section */

/* Begin PBXResourcesBuildPhase section */
		6FA4A7B82856D3A500846435 /* Resources */ = {
			isa = PBXResourcesBuildPhase;
			buildActionMask = 2147483647;
			files = (
				6CE96FE828571F4A00AD8C63 /* SF-Pro-Text-Regular.otf in Resources */,
				6FA4A7E02856E1ED00846435 /* .swiftlint.yml in Resources */,
				6FA4A7CA2856D3A900846435 /* LaunchScreen.storyboard in Resources */,
				6CE96FE928571F4A00AD8C63 /* SF-Pro-Display-Semibold.otf in Resources */,
				6CE96FE628571F4A00AD8C63 /* SF-Pro-Display-Bold.otf in Resources */,
				6CE96FEB285721EA00AD8C63 /* BMKIRANGHAERANG-OTF.otf in Resources */,
				6CE96FE728571F4A00AD8C63 /* SF-Pro-Display-Regular.otf in Resources */,
				6FA4A7C72856D3A900846435 /* Assets.xcassets in Resources */,
			);
			runOnlyForDeploymentPostprocessing = 0;
		};
/* End PBXResourcesBuildPhase section */

/* Begin PBXShellScriptBuildPhase section */
		6FA4A7DE2856E13F00846435 /* ShellScript */ = {
			isa = PBXShellScriptBuildPhase;
			buildActionMask = 2147483647;
			files = (
			);
			inputFileListPaths = (
			);
			inputPaths = (
			);
			outputFileListPaths = (
			);
			outputPaths = (
			);
			runOnlyForDeploymentPostprocessing = 0;
			shellPath = /bin/sh;
			shellScript = "alias swiftlint=\"/opt/homebrew/bin/swiftlint\"\n\nif swiftlint >/dev/null; then\n  swiftlint\nelse\n  echo \"warning: SwiftLint not installed, download from https://github.com/realm/SwiftLint\"\nfi\n";
		};
/* End PBXShellScriptBuildPhase section */

/* Begin PBXSourcesBuildPhase section */
		6FA4A7B62856D3A500846435 /* Sources */ = {
			isa = PBXSourcesBuildPhase;
			buildActionMask = 2147483647;
			files = (
				6FA4A7C22856D3A500846435 /* LoginViewController.swift in Sources */,
				6CE96FF92857362A00AD8C63 /* IdView.swift in Sources */,
				6FA4A7BE2856D3A500846435 /* AppDelegate.swift in Sources */,
				6CE96FED2857234000AD8C63 /* UIFont+extension.swift in Sources */,
				6FA4A7C02856D3A500846435 /* SceneDelegate.swift in Sources */,
				6CE96FF42857282300AD8C63 /* UIColor+extension.swift in Sources */,
				6CE96FFB28574CB700AD8C63 /* UIButton+extension.swift in Sources */,
			);
			runOnlyForDeploymentPostprocessing = 0;
		};
/* End PBXSourcesBuildPhase section */

/* Begin PBXVariantGroup section */
		6FA4A7C82856D3A900846435 /* LaunchScreen.storyboard */ = {
			isa = PBXVariantGroup;
			children = (
				6FA4A7C92856D3A900846435 /* Base */,
			);
			name = LaunchScreen.storyboard;
			sourceTree = "<group>";
		};
/* End PBXVariantGroup section */

/* Begin XCBuildConfiguration section */
		6FA4A7CC2856D3A900846435 /* Debug */ = {
			isa = XCBuildConfiguration;
			buildSettings = {
				ALWAYS_SEARCH_USER_PATHS = NO;
				CLANG_ANALYZER_NONNULL = YES;
				CLANG_ANALYZER_NUMBER_OBJECT_CONVERSION = YES_AGGRESSIVE;
				CLANG_CXX_LANGUAGE_STANDARD = "gnu++17";
				CLANG_ENABLE_MODULES = YES;
				CLANG_ENABLE_OBJC_ARC = YES;
				CLANG_ENABLE_OBJC_WEAK = YES;
				CLANG_WARN_BLOCK_CAPTURE_AUTORELEASING = YES;
				CLANG_WARN_BOOL_CONVERSION = YES;
				CLANG_WARN_COMMA = YES;
				CLANG_WARN_CONSTANT_CONVERSION = YES;
				CLANG_WARN_DEPRECATED_OBJC_IMPLEMENTATIONS = YES;
				CLANG_WARN_DIRECT_OBJC_ISA_USAGE = YES_ERROR;
				CLANG_WARN_DOCUMENTATION_COMMENTS = YES;
				CLANG_WARN_EMPTY_BODY = YES;
				CLANG_WARN_ENUM_CONVERSION = YES;
				CLANG_WARN_INFINITE_RECURSION = YES;
				CLANG_WARN_INT_CONVERSION = YES;
				CLANG_WARN_NON_LITERAL_NULL_CONVERSION = YES;
				CLANG_WARN_OBJC_IMPLICIT_RETAIN_SELF = YES;
				CLANG_WARN_OBJC_LITERAL_CONVERSION = YES;
				CLANG_WARN_OBJC_ROOT_CLASS = YES_ERROR;
				CLANG_WARN_QUOTED_INCLUDE_IN_FRAMEWORK_HEADER = YES;
				CLANG_WARN_RANGE_LOOP_ANALYSIS = YES;
				CLANG_WARN_STRICT_PROTOTYPES = YES;
				CLANG_WARN_SUSPICIOUS_MOVE = YES;
				CLANG_WARN_UNGUARDED_AVAILABILITY = YES_AGGRESSIVE;
				CLANG_WARN_UNREACHABLE_CODE = YES;
				CLANG_WARN__DUPLICATE_METHOD_MATCH = YES;
				COPY_PHASE_STRIP = NO;
				DEBUG_INFORMATION_FORMAT = dwarf;
				ENABLE_STRICT_OBJC_MSGSEND = YES;
				ENABLE_TESTABILITY = YES;
				GCC_C_LANGUAGE_STANDARD = gnu11;
				GCC_DYNAMIC_NO_PIC = NO;
				GCC_NO_COMMON_BLOCKS = YES;
				GCC_OPTIMIZATION_LEVEL = 0;
				GCC_PREPROCESSOR_DEFINITIONS = (
					"DEBUG=1",
					"$(inherited)",
				);
				GCC_WARN_64_TO_32_BIT_CONVERSION = YES;
				GCC_WARN_ABOUT_RETURN_TYPE = YES_ERROR;
				GCC_WARN_UNDECLARED_SELECTOR = YES;
				GCC_WARN_UNINITIALIZED_AUTOS = YES_AGGRESSIVE;
				GCC_WARN_UNUSED_FUNCTION = YES;
				GCC_WARN_UNUSED_VARIABLE = YES;
				IPHONEOS_DEPLOYMENT_TARGET = 15.4;
				MTL_ENABLE_DEBUG_INFO = INCLUDE_SOURCE;
				MTL_FAST_MATH = YES;
				ONLY_ACTIVE_ARCH = YES;
				SDKROOT = iphoneos;
				SWIFT_ACTIVE_COMPILATION_CONDITIONS = DEBUG;
				SWIFT_OPTIMIZATION_LEVEL = "-Onone";
			};
			name = Debug;
		};
		6FA4A7CD2856D3A900846435 /* Release */ = {
			isa = XCBuildConfiguration;
			buildSettings = {
				ALWAYS_SEARCH_USER_PATHS = NO;
				CLANG_ANALYZER_NONNULL = YES;
				CLANG_ANALYZER_NUMBER_OBJECT_CONVERSION = YES_AGGRESSIVE;
				CLANG_CXX_LANGUAGE_STANDARD = "gnu++17";
				CLANG_ENABLE_MODULES = YES;
				CLANG_ENABLE_OBJC_ARC = YES;
				CLANG_ENABLE_OBJC_WEAK = YES;
				CLANG_WARN_BLOCK_CAPTURE_AUTORELEASING = YES;
				CLANG_WARN_BOOL_CONVERSION = YES;
				CLANG_WARN_COMMA = YES;
				CLANG_WARN_CONSTANT_CONVERSION = YES;
				CLANG_WARN_DEPRECATED_OBJC_IMPLEMENTATIONS = YES;
				CLANG_WARN_DIRECT_OBJC_ISA_USAGE = YES_ERROR;
				CLANG_WARN_DOCUMENTATION_COMMENTS = YES;
				CLANG_WARN_EMPTY_BODY = YES;
				CLANG_WARN_ENUM_CONVERSION = YES;
				CLANG_WARN_INFINITE_RECURSION = YES;
				CLANG_WARN_INT_CONVERSION = YES;
				CLANG_WARN_NON_LITERAL_NULL_CONVERSION = YES;
				CLANG_WARN_OBJC_IMPLICIT_RETAIN_SELF = YES;
				CLANG_WARN_OBJC_LITERAL_CONVERSION = YES;
				CLANG_WARN_OBJC_ROOT_CLASS = YES_ERROR;
				CLANG_WARN_QUOTED_INCLUDE_IN_FRAMEWORK_HEADER = YES;
				CLANG_WARN_RANGE_LOOP_ANALYSIS = YES;
				CLANG_WARN_STRICT_PROTOTYPES = YES;
				CLANG_WARN_SUSPICIOUS_MOVE = YES;
				CLANG_WARN_UNGUARDED_AVAILABILITY = YES_AGGRESSIVE;
				CLANG_WARN_UNREACHABLE_CODE = YES;
				CLANG_WARN__DUPLICATE_METHOD_MATCH = YES;
				COPY_PHASE_STRIP = NO;
				DEBUG_INFORMATION_FORMAT = "dwarf-with-dsym";
				ENABLE_NS_ASSERTIONS = NO;
				ENABLE_STRICT_OBJC_MSGSEND = YES;
				GCC_C_LANGUAGE_STANDARD = gnu11;
				GCC_NO_COMMON_BLOCKS = YES;
				GCC_WARN_64_TO_32_BIT_CONVERSION = YES;
				GCC_WARN_ABOUT_RETURN_TYPE = YES_ERROR;
				GCC_WARN_UNDECLARED_SELECTOR = YES;
				GCC_WARN_UNINITIALIZED_AUTOS = YES_AGGRESSIVE;
				GCC_WARN_UNUSED_FUNCTION = YES;
				GCC_WARN_UNUSED_VARIABLE = YES;
				IPHONEOS_DEPLOYMENT_TARGET = 15.4;
				MTL_ENABLE_DEBUG_INFO = NO;
				MTL_FAST_MATH = YES;
				SDKROOT = iphoneos;
				SWIFT_COMPILATION_MODE = wholemodule;
				SWIFT_OPTIMIZATION_LEVEL = "-O";
				VALIDATE_PRODUCT = YES;
			};
			name = Release;
		};
		6FA4A7CF2856D3A900846435 /* Debug */ = {
			isa = XCBuildConfiguration;
			buildSettings = {
				ASSETCATALOG_COMPILER_APPICON_NAME = AppIcon;
				ASSETCATALOG_COMPILER_GLOBAL_ACCENT_COLOR_NAME = AccentColor;
				CODE_SIGN_STYLE = Automatic;
				CURRENT_PROJECT_VERSION = 1;
				DEVELOPMENT_TEAM = B3PWYBKFUK;
				GENERATE_INFOPLIST_FILE = YES;
				INFOPLIST_FILE = GitTuul/Info.plist;
				INFOPLIST_KEY_UIApplicationSupportsIndirectInputEvents = YES;
				INFOPLIST_KEY_UILaunchStoryboardName = LaunchScreen;
				INFOPLIST_KEY_UISupportedInterfaceOrientations_iPad = "UIInterfaceOrientationPortrait UIInterfaceOrientationPortraitUpsideDown UIInterfaceOrientationLandscapeLeft UIInterfaceOrientationLandscapeRight";
				INFOPLIST_KEY_UISupportedInterfaceOrientations_iPhone = "UIInterfaceOrientationPortrait UIInterfaceOrientationLandscapeLeft UIInterfaceOrientationLandscapeRight";
				LD_RUNPATH_SEARCH_PATHS = (
					"$(inherited)",
					"@executable_path/Frameworks",
				);
				MARKETING_VERSION = 1.0;
				PRODUCT_BUNDLE_IDENTIFIER = com.team10.GitTuul;
				PRODUCT_NAME = "$(TARGET_NAME)";
				SWIFT_EMIT_LOC_STRINGS = YES;
				SWIFT_VERSION = 5.0;
				TARGETED_DEVICE_FAMILY = "1,2";
			};
			name = Debug;
		};
		6FA4A7D02856D3A900846435 /* Release */ = {
			isa = XCBuildConfiguration;
			buildSettings = {
				ASSETCATALOG_COMPILER_APPICON_NAME = AppIcon;
				ASSETCATALOG_COMPILER_GLOBAL_ACCENT_COLOR_NAME = AccentColor;
				CODE_SIGN_STYLE = Automatic;
				CURRENT_PROJECT_VERSION = 1;
				DEVELOPMENT_TEAM = B3PWYBKFUK;
				GENERATE_INFOPLIST_FILE = YES;
				INFOPLIST_FILE = GitTuul/Info.plist;
				INFOPLIST_KEY_UIApplicationSupportsIndirectInputEvents = YES;
				INFOPLIST_KEY_UILaunchStoryboardName = LaunchScreen;
				INFOPLIST_KEY_UISupportedInterfaceOrientations_iPad = "UIInterfaceOrientationPortrait UIInterfaceOrientationPortraitUpsideDown UIInterfaceOrientationLandscapeLeft UIInterfaceOrientationLandscapeRight";
				INFOPLIST_KEY_UISupportedInterfaceOrientations_iPhone = "UIInterfaceOrientationPortrait UIInterfaceOrientationLandscapeLeft UIInterfaceOrientationLandscapeRight";
				LD_RUNPATH_SEARCH_PATHS = (
					"$(inherited)",
					"@executable_path/Frameworks",
				);
				MARKETING_VERSION = 1.0;
				PRODUCT_BUNDLE_IDENTIFIER = com.team10.GitTuul;
				PRODUCT_NAME = "$(TARGET_NAME)";
				SWIFT_EMIT_LOC_STRINGS = YES;
				SWIFT_VERSION = 5.0;
				TARGETED_DEVICE_FAMILY = "1,2";
			};
			name = Release;
		};
/* End XCBuildConfiguration section */

/* Begin XCConfigurationList section */
		6FA4A7B52856D3A500846435 /* Build configuration list for PBXProject "GitTuul" */ = {
			isa = XCConfigurationList;
			buildConfigurations = (
				6FA4A7CC2856D3A900846435 /* Debug */,
				6FA4A7CD2856D3A900846435 /* Release */,
			);
			defaultConfigurationIsVisible = 0;
			defaultConfigurationName = Release;
		};
		6FA4A7CE2856D3A900846435 /* Build configuration list for PBXNativeTarget "GitTuul" */ = {
			isa = XCConfigurationList;
			buildConfigurations = (
				6FA4A7CF2856D3A900846435 /* Debug */,
				6FA4A7D02856D3A900846435 /* Release */,
			);
			defaultConfigurationIsVisible = 0;
			defaultConfigurationName = Release;
		};
/* End XCConfigurationList section */

/* Begin XCRemoteSwiftPackageReference section */
		6FA4A7D12856E04500846435 /* XCRemoteSwiftPackageReference "RxSwift" */ = {
			isa = XCRemoteSwiftPackageReference;
			repositoryURL = "https://github.com/ReactiveX/RxSwift";
			requirement = {
				branch = main;
				kind = branch;
			};
		};
		6FA4A7D82856E07500846435 /* XCRemoteSwiftPackageReference "Alamofire" */ = {
			isa = XCRemoteSwiftPackageReference;
			repositoryURL = "https://github.com/Alamofire/Alamofire";
			requirement = {
				kind = upToNextMajorVersion;
				minimumVersion = 5.0.0;
			};
		};
		6FA4A7DB2856E0CC00846435 /* XCRemoteSwiftPackageReference "SnapKit" */ = {
			isa = XCRemoteSwiftPackageReference;
			repositoryURL = "https://github.com/SnapKit/SnapKit";
			requirement = {
				kind = upToNextMajorVersion;
				minimumVersion = 5.0.0;
			};
		};
/* End XCRemoteSwiftPackageReference section */

/* Begin XCSwiftPackageProductDependency section */
		6FA4A7D22856E04500846435 /* RxCocoa */ = {
			isa = XCSwiftPackageProductDependency;
			package = 6FA4A7D12856E04500846435 /* XCRemoteSwiftPackageReference "RxSwift" */;
			productName = RxCocoa;
		};
		6FA4A7D42856E04500846435 /* RxRelay */ = {
			isa = XCSwiftPackageProductDependency;
			package = 6FA4A7D12856E04500846435 /* XCRemoteSwiftPackageReference "RxSwift" */;
			productName = RxRelay;
		};
		6FA4A7D62856E04500846435 /* RxSwift */ = {
			isa = XCSwiftPackageProductDependency;
			package = 6FA4A7D12856E04500846435 /* XCRemoteSwiftPackageReference "RxSwift" */;
			productName = RxSwift;
		};
		6FA4A7D92856E07500846435 /* Alamofire */ = {
			isa = XCSwiftPackageProductDependency;
			package = 6FA4A7D82856E07500846435 /* XCRemoteSwiftPackageReference "Alamofire" */;
			productName = Alamofire;
		};
		6FA4A7DC2856E0CC00846435 /* SnapKit */ = {
			isa = XCSwiftPackageProductDependency;
			package = 6FA4A7DB2856E0CC00846435 /* XCRemoteSwiftPackageReference "SnapKit" */;
			productName = SnapKit;
		};
/* End XCSwiftPackageProductDependency section */
	};
	rootObject = 6FA4A7B22856D3A500846435 /* Project object */;
}
